
Microsoft Visual Studio Solution File, Format Version 12.00
# Visual Studio Version 16
VisualStudioVersion = 16.0.31205.134
MinimumVisualStudioVersion = 10.0.40219.1
Project("{9A19103F-16F7-4668-BE54-9A1E7A4F7556}") = "TestMaker", "TestMaker\TestMaker.csproj", "{DCF3A63D-8A01-4C93-9E3B-917819EFAF24}"
EndProject
Project("{9A19103F-16F7-4668-BE54-9A1E7A4F7556}") = "DDD.Domain", "DDD.Domain\DDD.Domain.csproj", "{2408B064-84F1-4029-8FED-3C0F95EC32FF}"
EndProject
Project("{9A19103F-16F7-4668-BE54-9A1E7A4F7556}") = "DDDTest.Tests", "DDDTest.Tests\DDDTest.Tests.csproj", "{E33389A7-AED7-4F46-A245-C2A9C7046338}"
EndProject
Global
	GlobalSection(SolutionConfigurationPlatforms) = preSolution
		Debug|Any CPU = Debug|Any CPU
		Release|Any CPU = Release|Any CPU
	EndGlobalSection
	GlobalSection(ProjectConfigurationPlatforms) = postSolution
		{DCF3A63D-8A01-4C93-9E3B-917819EFAF24}.Debug|Any CPU.ActiveCfg = Debug|Any CPU
		{DCF3A63D-8A01-4C93-9E3B-917819EFAF24}.Debug|Any CPU.Build.0 = Debug|Any CPU
		{DCF3A63D-8A01-4C93-9E3B-917819EFAF24}.Release|Any CPU.ActiveCfg = Release|Any CPU
		{DCF3A63D-8A01-4C93-9E3B-917819EFAF24}.Release|Any CPU.Build.0 = Release|Any CPU
		{2408B064-84F1-4029-8FED-3C0F95EC32FF}.Debug|Any CPU.ActiveCfg = Debug|Any CPU
		{2408B064-84F1-4029-8FED-3C0F95EC32FF}.Debug|Any CPU.Build.0 = Debug|Any CPU
		{2408B064-84F1-4029-8FED-3C0F95EC32FF}.Release|Any CPU.ActiveCfg = Release|Any CPU
		{2408B064-84F1-4029-8FED-3C0F95EC32FF}.Release|Any CPU.Build.0 = Release|Any CPU
		{E33389A7-AED7-4F46-A245-C2A9C7046338}.Debug|Any CPU.ActiveCfg = Debug|Any CPU
		{E33389A7-AED7-4F46-A245-C2A9C7046338}.Debug|Any CPU.Build.0 = Debug|Any CPU
		{E33389A7-AED7-4F46-A245-C2A9C7046338}.Release|Any CPU.ActiveCfg = Release|Any CPU
		{E33389A7-AED7-4F46-A245-C2A9C7046338}.Release|Any CPU.Build.0 = Release|Any CPU
	EndGlobalSection
	GlobalSection(SolutionProperties) = preSolution
		HideSolutionNode = FALSE
	EndGlobalSection
	GlobalSection(ExtensibilityGlobals) = postSolution
		SolutionGuid = {BEAC2FDD-DC37-4A8F-BF5B-AD58FD5F0838}
	EndGlobalSection
EndGlobal
